<?xml version="1.0" encoding="utf-8"?>
<Project ToolsVersion="4.0" xmlns="http://schemas.microsoft.com/developer/msbuild/2003">
  <ItemGroup>
    <Filter Include="ソース ファイル">
      <UniqueIdentifier>{4FC737F1-C7A5-4376-A066-2A32D752A2FF}</UniqueIdentifier>
      <Extensions>cpp;c;cc;cxx;def;odl;idl;hpj;bat;asm;asmx</Extensions>
    </Filter>
    <Filter Include="ヘッダー ファイル">
      <UniqueIdentifier>{93995380-89BD-4b04-88EB-625FBE52EBFB}</UniqueIdentifier>
      <Extensions>h;hh;hpp;hxx;hm;inl;inc;ipp;xsd</Extensions>
    </Filter>
    <Filter Include="リソース ファイル">
      <UniqueIdentifier>{67DA6AB6-F800-4c08-8B7A-83BB121AAD01}</UniqueIdentifier>
      <Extensions>rc;ico;cur;bmp;dlg;rc2;rct;bin;rgs;gif;jpg;jpeg;jpe;resx;tiff;tif;png;wav;mfcribbon-ms</Extensions>
    </Filter>
    <Filter Include="ソース ファイル\_debug">
      <UniqueIdentifier>{692afc8e-a6d7-4835-84be-0a22e67b516d}</UniqueIdentifier>
    </Filter>
    <Filter Include="ソース ファイル\Common">
      <UniqueIdentifier>{17ebc4b5-4894-4fd2-b50b-bd2b8ed18bdb}</UniqueIdentifier>
    </Filter>
    <Filter Include="ソース ファイル\Manager">
      <UniqueIdentifier>{7f661b68-2ac1-46f0-a72e-2c5b31d1c61f}</UniqueIdentifier>
    </Filter>
    <Filter Include="ソース ファイル\Object">
      <UniqueIdentifier>{600f44ad-e11e-4fc6-b165-fde3b508648d}</UniqueIdentifier>
    </Filter>
    <Filter Include="ソース ファイル\Scene">
      <UniqueIdentifier>{1c6f465c-0c6c-4886-b758-f7e0681f0a4a}</UniqueIdentifier>
    </Filter>
    <Filter Include="ソース ファイル\Utility">
      <UniqueIdentifier>{e2873e1a-e651-4a1d-9c66-b9823792c6aa}</UniqueIdentifier>
    </Filter>
    <Filter Include="ヘッダー ファイル\_debug">
      <UniqueIdentifier>{6cb19f13-f6fc-46e1-87c1-793b7ec640e5}</UniqueIdentifier>
    </Filter>
    <Filter Include="ヘッダー ファイル\Common">
      <UniqueIdentifier>{16171512-ac06-49c0-8668-623c501b7833}</UniqueIdentifier>
    </Filter>
    <Filter Include="ヘッダー ファイル\Manager">
      <UniqueIdentifier>{c46d3100-17c5-4849-839b-754795e9709b}</UniqueIdentifier>
    </Filter>
    <Filter Include="ヘッダー ファイル\Object">
      <UniqueIdentifier>{604e2437-eac4-4057-ad42-8b1af55e7c79}</UniqueIdentifier>
    </Filter>
    <Filter Include="ヘッダー ファイル\Scene">
      <UniqueIdentifier>{438a9bb0-9805-48c9-8cb7-8da84d09f24e}</UniqueIdentifier>
    </Filter>
    <Filter Include="ヘッダー ファイル\Utility">
      <UniqueIdentifier>{92d9e735-7050-4ee3-b223-779bcd3392de}</UniqueIdentifier>
    </Filter>
    <Filter Include="ヘッダー ファイル\Object\Common">
      <UniqueIdentifier>{49d30192-0529-4327-83ba-c4b3342f9c47}</UniqueIdentifier>
    </Filter>
    <Filter Include="ソース ファイル\Object\Common">
      <UniqueIdentifier>{e1d2c310-5096-4122-b6f2-acf3b54d243c}</UniqueIdentifier>
    </Filter>
  </ItemGroup>
  <ItemGroup>
    <ClCompile Include="Src\Application.cpp">
      <Filter>ソース ファイル</Filter>
    </ClCompile>
    <ClCompile Include="Src\main.cpp">
      <Filter>ソース ファイル</Filter>
    </ClCompile>
    <ClCompile Include="Src\Common\Fader.cpp">
      <Filter>ソース ファイル\Common</Filter>
    </ClCompile>
    <ClCompile Include="Src\Common\Quaternion.cpp">
      <Filter>ソース ファイル\Common</Filter>
    </ClCompile>
    <ClCompile Include="Src\Manager\Resource.cpp">
      <Filter>ソース ファイル\Manager</Filter>
    </ClCompile>
    <ClCompile Include="Src\Manager\ResourceManager.cpp">
      <Filter>ソース ファイル\Manager</Filter>
    </ClCompile>
    <ClCompile Include="Src\Manager\SceneManager.cpp">
      <Filter>ソース ファイル\Manager</Filter>
    </ClCompile>
    <ClCompile Include="Src\Scene\GameScene.cpp">
      <Filter>ソース ファイル\Scene</Filter>
    </ClCompile>
    <ClCompile Include="Src\Scene\SceneBase.cpp">
      <Filter>ソース ファイル\Scene</Filter>
    </ClCompile>
    <ClCompile Include="Src\Scene\TitleScene.cpp">
      <Filter>ソース ファイル\Scene</Filter>
    </ClCompile>
    <ClCompile Include="Src\Utility\AsoUtility.cpp">
      <Filter>ソース ファイル\Utility</Filter>
    </ClCompile>
    <ClCompile Include="Src\Manager\Camera.cpp">
      <Filter>ソース ファイル\Manager</Filter>
    </ClCompile>
    <ClCompile Include="Src\Object\Common\AnimationController.cpp">
      <Filter>ソース ファイル\Object\Common</Filter>
    </ClCompile>
    <ClCompile Include="Src\Object\Common\Capsule.cpp">
      <Filter>ソース ファイル\Object\Common</Filter>
    </ClCompile>
    <ClCompile Include="Src\Object\Common\Collider.cpp">
      <Filter>ソース ファイル\Object\Common</Filter>
    </ClCompile>
    <ClCompile Include="Src\Object\Common\Transform.cpp">
      <Filter>ソース ファイル\Object\Common</Filter>
    </ClCompile>
    <ClCompile Include="Src\Object\Common\SpeechBalloon.cpp">
      <Filter>ソース ファイル\Object\Common</Filter>
    </ClCompile>
    <ClCompile Include="Src\Manager\InputManager.cpp">
      <Filter>ソース ファイル\Manager</Filter>
    </ClCompile>
    <ClCompile Include="Src\Common\Vector2.cpp">
      <Filter>ソース ファイル\Common</Filter>
    </ClCompile>
    <ClCompile Include="Src\Object\Actor\ActorBase.cpp">
      <Filter>ソース ファイル</Filter>
    </ClCompile>
    <ClCompile Include="Src\Scene\ClearScene.cpp">
      <Filter>ソース ファイル</Filter>
    </ClCompile>
    <ClCompile Include="Src\Scene\OverScene.cpp">
      <Filter>ソース ファイル</Filter>
    </ClCompile>
    <ClCompile Include="Src\Renderer\ModelMaterial.cpp">
      <Filter>ソース ファイル</Filter>
    </ClCompile>
    <ClCompile Include="Src\Renderer\ModelRenderer.cpp">
      <Filter>ソース ファイル</Filter>
    </ClCompile>
    <ClCompile Include="Src\Renderer\PixelMaterial.cpp">
      <Filter>ソース ファイル</Filter>
    </ClCompile>
    <ClCompile Include="Src\Renderer\PixelRenderer.cpp">
      <Filter>ソース ファイル</Filter>
    </ClCompile>
    <ClCompile Include="Src\Renderer\VertexMaterial.cpp">
      <Filter>ソース ファイル</Filter>
    </ClCompile>
    <ClCompile Include="Src\Manager\Setting.cpp">
      <Filter>ソース ファイル</Filter>
    </ClCompile>
    <ClCompile Include="Src\Scene\SettingScene.cpp">
      <Filter>ソース ファイル</Filter>
    </ClCompile>
    <ClCompile Include="Src\Scene\MiniGame\GameBase.cpp">
      <Filter>ソース ファイル</Filter>
    </ClCompile>
    <ClCompile Include="Src\Scene\MiniGame\FirstPressGame.cpp">
      <Filter>ソース ファイル</Filter>
    </ClCompile>
    <ClCompile Include="Src\Scene\MiniGame\Quoridor.cpp">
      <Filter>ソース ファイル</Filter>
    </ClCompile>
    <ClCompile Include="Src\Object\Actor\Quoridor\Desk.cpp">
      <Filter>ソース ファイル</Filter>
    </ClCompile>
    <ClCompile Include="Src\Object\Actor\Quoridor\QuoridorBoard.cpp">
      <Filter>ソース ファイル</Filter>
    </ClCompile>
    <ClCompile Include="Src\Object\Actor\Quoridor\QuoridorPlayer.cpp">
      <Filter>ソース ファイル</Filter>
    </ClCompile>
    <ClCompile Include="Src\Object\Actor\Quoridor\Wall.cpp">
      <Filter>ソース ファイル</Filter>
    </ClCompile>
    <ClCompile Include="Src\Object\Actor\Quoridor\BoardBase.cpp">
      <Filter>ソース ファイル</Filter>
    </ClCompile>
    <ClCompile Include="Src\Object\Actor\Quoridor\Grid.cpp">
      <Filter>ソース ファイル</Filter>
    </ClCompile>
    <ClCompile Include="Src\Object\Actor\Quoridor\PlayerPiece.cpp">
      <Filter>ソース ファイル</Filter>
    </ClCompile>
    <ClCompile Include="Src\Object\Actor\Quoridor\PythonAI.cpp">
      <Filter>ソース ファイル</Filter>
    </ClCompile>
    <ClCompile Include="Src\Scene\MiniGame\ButtonMashGame.cpp">
      <Filter>ソース ファイル</Filter>
    </ClCompile>
    <ClCompile Include="Src\Scene\MiniGame\QuizGame.cpp">
      <Filter>ソース ファイル</Filter>
    </ClCompile>
    <ClCompile Include="Src\Object\Actor\Quoridor\Triangle.cpp">
      <Filter>ソース ファイル</Filter>
    </ClCompile>
    <ClCompile Include="Src\Scene\MiniGame\Reversi.cpp">
      <Filter>ソース ファイル</Filter>
    </ClCompile>
    <ClCompile Include="Src\Manager\PythonRuntimeManager.cpp">
      <Filter>ソース ファイル</Filter>
    </ClCompile>
    <ClCompile Include="Src\Scene\MiniGame\MiniShogi.cpp">
      <Filter>ソース ファイル</Filter>
    </ClCompile>
    <ClCompile Include="Src\Object\Actor\MiniShogi\Shogiban.cpp">
      <Filter>ソース ファイル</Filter>
    </ClCompile>
    <ClCompile Include="Src\Object\Actor\MiniShogi\Komadai.cpp">
      <Filter>ソース ファイル</Filter>
    </ClCompile>
    <ClCompile Include="Src\Object\Actor\MiniShogi\Cursor.cpp">
      <Filter>ソース ファイル</Filter>
    </ClCompile>
    <ClCompile Include="Src\Object\Actor\MiniShogi\Selector.cpp">
      <Filter>ソース ファイル</Filter>
    </ClCompile>
    <ClCompile Include="Src\Object\Actor\MiniShogi\MiniShogiBoard.cpp">
      <Filter>ソース ファイル</Filter>
    </ClCompile>
    <ClCompile Include="Src\Object\Actor\MiniShogi\MiniShogiRule.cpp">
      <Filter>ソース ファイル</Filter>
    </ClCompile>
    <ClCompile Include="Src\Object\Actor\MiniShogi\Hand.cpp">
      <Filter>ソース ファイル</Filter>
    </ClCompile>
    <ClCompile Include="Src\Object\Actor\MiniShogi\MiniShogiPiece.cpp">
      <Filter>ソース ファイル</Filter>
    </ClCompile>
    <ClCompile Include="Src\Object\Actor\MiniShogi\MiniShogiGrid.cpp">
      <Filter>ソース ファイル</Filter>
    </ClCompile>
    <ClCompile Include="Src\Object\Actor\MiniShogi\MiniShogiActor.cpp">
      <Filter>ソース ファイル</Filter>
    </ClCompile>
    <ClCompile Include="Src\Object\Actor\MiniShogi\HandActor.cpp">
      <Filter>ソース ファイル</Filter>
    </ClCompile>
    <ClCompile Include="Src\Object\Actor\MiniShogi\MiniShogiCpu.cpp">
      <Filter>ソース ファイル</Filter>
    </ClCompile>
  </ItemGroup>
  <ItemGroup>
    <ClInclude Include="Src\Common\Fader.h">
      <Filter>ヘッダー ファイル\Common</Filter>
    </ClInclude>
    <ClInclude Include="Src\Common\Quaternion.h">
      <Filter>ヘッダー ファイル\Common</Filter>
    </ClInclude>
    <ClInclude Include="Src\Manager\Resource.h">
      <Filter>ヘッダー ファイル\Manager</Filter>
    </ClInclude>
    <ClInclude Include="Src\Manager\ResourceManager.h">
      <Filter>ヘッダー ファイル\Manager</Filter>
    </ClInclude>
    <ClInclude Include="Src\Manager\SceneManager.h">
      <Filter>ヘッダー ファイル\Manager</Filter>
    </ClInclude>
    <ClInclude Include="Src\Scene\GameScene.h">
      <Filter>ヘッダー ファイル\Scene</Filter>
    </ClInclude>
    <ClInclude Include="Src\Scene\SceneBase.h">
      <Filter>ヘッダー ファイル\Scene</Filter>
    </ClInclude>
    <ClInclude Include="Src\Scene\TitleScene.h">
      <Filter>ヘッダー ファイル\Scene</Filter>
    </ClInclude>
    <ClInclude Include="Src\Utility\AsoUtility.h">
      <Filter>ヘッダー ファイル\Utility</Filter>
    </ClInclude>
    <ClInclude Include="Src\Manager\Camera.h">
      <Filter>ヘッダー ファイル\Manager</Filter>
    </ClInclude>
    <ClInclude Include="Src\Object\Common\AnimationController.h">
      <Filter>ヘッダー ファイル\Object\Common</Filter>
    </ClInclude>
    <ClInclude Include="Src\Object\Common\Capsule.h">
      <Filter>ヘッダー ファイル\Object\Common</Filter>
    </ClInclude>
    <ClInclude Include="Src\Object\Common\Collider.h">
      <Filter>ヘッダー ファイル\Object\Common</Filter>
    </ClInclude>
    <ClInclude Include="Src\Object\Common\Transform.h">
      <Filter>ヘッダー ファイル\Object\Common</Filter>
    </ClInclude>
    <ClInclude Include="Src\Object\Common\SpeechBalloon.h">
      <Filter>ヘッダー ファイル\Object\Common</Filter>
    </ClInclude>
    <ClInclude Include="Src\Manager\InputManager.h">
      <Filter>ヘッダー ファイル\Manager</Filter>
    </ClInclude>
    <ClInclude Include="Src\Common\Vector2.h">
      <Filter>ヘッダー ファイル\Common</Filter>
    </ClInclude>
    <ClInclude Include="Src\Application.h">
      <Filter>ヘッダー ファイル</Filter>
    </ClInclude>
    <ClInclude Include="Src\main.h">
      <Filter>ヘッダー ファイル</Filter>
    </ClInclude>
    <ClInclude Include="Src\Object\Actor\ActorBase.h">
      <Filter>ヘッダー ファイル</Filter>
    </ClInclude>
    <ClInclude Include="Src\Scene\ClearScene.h">
      <Filter>ヘッダー ファイル</Filter>
    </ClInclude>
    <ClInclude Include="Src\Scene\OverScene.h">
      <Filter>ヘッダー ファイル</Filter>
    </ClInclude>
    <ClInclude Include="Src\Renderer\ModelMaterial.h">
      <Filter>ヘッダー ファイル</Filter>
    </ClInclude>
    <ClInclude Include="Src\Renderer\ModelRenderer.h">
      <Filter>ヘッダー ファイル</Filter>
    </ClInclude>
    <ClInclude Include="Src\Renderer\PixelMaterial.h">
      <Filter>ヘッダー ファイル</Filter>
    </ClInclude>
    <ClInclude Include="Src\Renderer\PixelRenderer.h">
      <Filter>ヘッダー ファイル</Filter>
    </ClInclude>
    <ClInclude Include="Src\Renderer\VertexMaterial.h">
      <Filter>ヘッダー ファイル</Filter>
    </ClInclude>
    <ClInclude Include="Src\Manager\Setting.h">
      <Filter>ヘッダー ファイル</Filter>
    </ClInclude>
    <ClInclude Include="Src\Scene\SettingScene.h">
      <Filter>ヘッダー ファイル</Filter>
    </ClInclude>
    <ClInclude Include="Src\Scene\MiniGame\GameBase.h">
      <Filter>ヘッダー ファイル</Filter>
    </ClInclude>
    <ClInclude Include="Src\Scene\MiniGame\FirstPressGame.h">
      <Filter>ヘッダー ファイル</Filter>
    </ClInclude>
    <ClInclude Include="Src\Scene\MiniGame\Quoridor.h">
      <Filter>ヘッダー ファイル</Filter>
    </ClInclude>
    <ClInclude Include="Src\Object\Actor\Quoridor\Desk.h">
      <Filter>ヘッダー ファイル</Filter>
    </ClInclude>
    <ClInclude Include="Src\Object\Actor\Quoridor\QuoridorBoard.h">
      <Filter>ヘッダー ファイル</Filter>
    </ClInclude>
    <ClInclude Include="Src\Object\Actor\Quoridor\QuoridorPlayer.h">
      <Filter>ヘッダー ファイル</Filter>
    </ClInclude>
    <ClInclude Include="Src\Object\Actor\Quoridor\Wall.h">
      <Filter>ヘッダー ファイル</Filter>
    </ClInclude>
    <ClInclude Include="Src\Object\Actor\Quoridor\BoardBase.h">
      <Filter>ヘッダー ファイル</Filter>
    </ClInclude>
    <ClInclude Include="Src\Object\Actor\Quoridor\Grid.h">
      <Filter>ヘッダー ファイル</Filter>
    </ClInclude>
    <ClInclude Include="Src\Object\Actor\Quoridor\PlayerPiece.h">
      <Filter>ヘッダー ファイル</Filter>
    </ClInclude>
    <ClInclude Include="Src\Object\Actor\Quoridor\PythonAI.h">
      <Filter>ヘッダー ファイル</Filter>
    </ClInclude>
    <ClInclude Include="Src\Scene\MiniGame\ButtonMashGame.h">
      <Filter>ヘッダー ファイル</Filter>
    </ClInclude>
    <ClInclude Include="Src\Scene\MiniGame\QuizGame.h">
      <Filter>ヘッダー ファイル</Filter>
    </ClInclude>
    <ClInclude Include="Src\Object\Actor\Quoridor\Triangle.h">
      <Filter>ヘッダー ファイル</Filter>
    </ClInclude>
    <ClInclude Include="Src\Scene\MiniGame\Reversi.h">
      <Filter>ヘッダー ファイル</Filter>
    </ClInclude>
    <ClInclude Include="Src\Manager\PythonRuntimeManager.h">
      <Filter>ヘッダー ファイル</Filter>
    </ClInclude>
    <ClInclude Include="Src\Scene\MiniGame\MiniShogi.h">
      <Filter>ヘッダー ファイル</Filter>
    </ClInclude>
    <ClInclude Include="Src\Object\Actor\MiniShogi\Shogiban.h">
      <Filter>ヘッダー ファイル</Filter>
    </ClInclude>
    <ClInclude Include="Src\Object\Actor\MiniShogi\Komadai.h">
      <Filter>ヘッダー ファイル</Filter>
    </ClInclude>
    <ClInclude Include="Src\Object\Actor\MiniShogi\Cursor.h">
      <Filter>ヘッダー ファイル</Filter>
    </ClInclude>
    <ClInclude Include="Src\Object\Actor\MiniShogi\Selector.h">
      <Filter>ヘッダー ファイル</Filter>
    </ClInclude>
    <ClInclude Include="Src\Object\Actor\MiniShogi\MiniShogiBoard.h">
      <Filter>ヘッダー ファイル</Filter>
    </ClInclude>
    <ClInclude Include="Src\Object\Actor\MiniShogi\PieceType.h">
      <Filter>ヘッダー ファイル</Filter>
    </ClInclude>
    <ClInclude Include="Src\Object\Actor\MiniShogi\Piece.h">
      <Filter>ヘッダー ファイル</Filter>
    </ClInclude>
    <ClInclude Include="Src\Object\Actor\MiniShogi\MiniShogiRule.h">
      <Filter>ヘッダー ファイル</Filter>
    </ClInclude>
    <ClInclude Include="Src\Object\Actor\MiniShogi\MoveData.h">
      <Filter>ヘッダー ファイル</Filter>
    </ClInclude>
    <ClInclude Include="Src\Object\Actor\MiniShogi\Hand.h">
      <Filter>ヘッダー ファイル</Filter>
    </ClInclude>
    <ClInclude Include="Src\Object\Actor\MiniShogi\MiniShogiPiece.h">
      <Filter>ヘッダー ファイル</Filter>
    </ClInclude>
    <ClInclude Include="Src\Object\Actor\MiniShogi\MiniShogiGrid.h">
      <Filter>ヘッダー ファイル</Filter>
    </ClInclude>
    <ClInclude Include="Src\Object\Actor\MiniShogi\MiniShogiActor.h">
      <Filter>ヘッダー ファイル</Filter>
    </ClInclude>
    <ClInclude Include="Src\Object\Actor\MiniShogi\HandActor.h">
      <Filter>ヘッダー ファイル</Filter>
    </ClInclude>
    <ClInclude Include="Src\Object\Actor\MiniShogi\MiniShogiCpu.h">
      <Filter>ヘッダー ファイル</Filter>
    </ClInclude>
  </ItemGroup>
  <ItemGroup>
    <None Include="Src\Shader\Common\Pixel\PixelShader2DHeader.hlsli" />
    <None Include="Src\Shader\Common\Pixel\PixelShader3DHeader.hlsli" />
    <None Include="Src\Shader\Common\Vertex\CommonShader3DHeader.hlsli" />
    <None Include="Src\Shader\Common\Vertex\VertexInput.hlsli" />
    <None Include="Src\Shader\Common\Vertex\VertexInputType.hlsli" />
    <None Include="Src\Shader\Common\Vertex\VertexShader3DHeader.hlsli" />
    <None Include="Src\Shader\Common\VertexToPixelHeader.hlsli" />
    <None Include="Python\python-3.14.5-embed-amd64\_asyncio.pyd" />
    <None Include="Python\python-3.14.5-embed-amd64\_bz2.pyd" />
    <None Include="Python\python-3.14.5-embed-amd64\_ctypes.pyd" />
    <None Include="Python\python-3.14.5-embed-amd64\_decimal.pyd" />
    <None Include="Python\python-3.14.5-embed-amd64\_elementtree.pyd" />
    <None Include="Python\python-3.14.5-embed-amd64\_hashlib.pyd" />
    <None Include="Python\python-3.14.5-embed-amd64\_lzma.pyd" />
    <None Include="Python\python-3.14.5-embed-amd64\_multiprocessing.pyd" />
    <None Include="Python\python-3.14.5-embed-amd64\_overlapped.pyd" />
    <None Include="Python\python-3.14.5-embed-amd64\_queue.pyd" />
    <None Include="Python\python-3.14.5-embed-amd64\_remote_debugging.pyd" />
    <None Include="Python\python-3.14.5-embed-amd64\_socket.pyd" />
    <None Include="Python\python-3.14.5-embed-amd64\_sqlite3.pyd" />
    <None Include="Python\python-3.14.5-embed-amd64\_ssl.pyd" />
    <None Include="Python\python-3.14.5-embed-amd64\_uuid.pyd" />
    <None Include="Python\python-3.14.5-embed-amd64\_wmi.pyd" />
    <None Include="Python\python-3.14.5-embed-amd64\_zoneinfo.pyd" />
    <None Include="Python\python-3.14.5-embed-amd64\_zstd.pyd" />
    <None Include="Python\python-3.14.5-embed-amd64\libcrypto-3.dll" />
    <None Include="Python\python-3.14.5-embed-amd64\libffi-8.dll" />
    <None Include="Python\python-3.14.5-embed-amd64\libssl-3.dll" />
    <None Include="Python\python-3.14.5-embed-amd64\pyexpat.pyd" />
    <None Include="Python\python-3.14.5-embed-amd64\python.cat" />
    <None Include="Python\python-3.14.5-embed-amd64\python.exe" />
    <None Include="Python\python-3.14.5-embed-amd64\python3.dll" />
    <None Include="Python\python-3.14.5-embed-amd64\python314._pth" />
    <None Include="Python\python-3.14.5-embed-amd64\python314.dll" />
    <None Include="Python\python-3.14.5-embed-amd64\python314.zip" />
    <None Include="Python\python-3.14.5-embed-amd64\pythonw.exe" />
    <None Include="Python\python-3.14.5-embed-amd64\select.pyd" />
    <None Include="Python\python-3.14.5-embed-amd64\sqlite3.dll" />
    <None Include="Python\python-3.14.5-embed-amd64\unicodedata.pyd" />
    <None Include="Python\python-3.14.5-embed-amd64\vcruntime140.dll" />
    <None Include="Python\python-3.14.5-embed-amd64\vcruntime140_1.dll" />
    <None Include="Python\python-3.14.5-embed-amd64\winsound.pyd" />
    <None Include="Data\Scripts\ai.py" />
    <None Include="Python\_asyncio.pyd" />
    <None Include="Python\_bz2.pyd" />
    <None Include="Python\_ctypes.pyd" />
    <None Include="Python\_decimal.pyd" />
    <None Include="Python\_elementtree.pyd" />
    <None Include="Python\_hashlib.pyd" />
    <None Include="Python\_lzma.pyd" />
    <None Include="Python\_multiprocessing.pyd" />
    <None Include="Python\_overlapped.pyd" />
    <None Include="Python\_queue.pyd" />
    <None Include="Python\_remote_debugging.pyd" />
    <None Include="Python\_socket.pyd" />
    <None Include="Python\_sqlite3.pyd" />
    <None Include="Python\_ssl.pyd" />
    <None Include="Python\_uuid.pyd" />
    <None Include="Python\_wmi.pyd" />
    <None Include="Python\_zoneinfo.pyd" />
    <None Include="Python\_zstd.pyd" />
    <None Include="Python\libcrypto-3.dll" />
    <None Include="Python\libffi-8.dll" />
    <None Include="Python\libssl-3.dll" />
    <None Include="Python\pyexpat.pyd" />
    <None Include="Python\python.cat" />
    <None Include="Python\python.exe" />
    <None Include="Python\python3.dll" />
    <None Include="Python\python314._pth" />
    <None Include="Python\python314.dll" />
    <None Include="Python\python314.zip" />
    <None Include="Python\pythonw.exe" />
    <None Include="Python\select.pyd" />
    <None Include="Python\sqlite3.dll" />
    <None Include="Python\unicodedata.pyd" />
    <None Include="Python\vcruntime140.dll" />
    <None Include="Python\vcruntime140_1.dll" />
    <None Include="Python\winsound.pyd" />
    <None Include="Python\python314\__future__.pyc" />
    <None Include="Python\python314\__hello__.pyc" />
    <None Include="Python\python314\_aix_support.pyc" />
    <None Include="Python\python314\_android_support.pyc" />
    <None Include="Python\python314\_apple_support.pyc" />
    <None Include="Python\python314\_ast_unparse.pyc" />
    <None Include="Python\python314\_collections_abc.pyc" />
    <None Include="Python\python314\_colorize.pyc" />
    <None Include="Python\python314\_compat_pickle.pyc" />
    <None Include="Python\python314\_ios_support.pyc" />
    <None Include="Python\python314\_markupbase.pyc" />
    <None Include="Python\python314\_opcode_metadata.pyc" />
    <None Include="Python\python314\_osx_support.pyc" />
    <None Include="Python\python314\_py_abc.pyc" />
    <None Include="Python\python314\_py_warnings.pyc" />
    <None Include="Python\python314\_pydatetime.pyc" />
    <None Include="Python\python314\_pydecimal.pyc" />
    <None Include="Python\python314\_pyio.pyc" />
    <None Include="Python\python314\_pylong.pyc" />
    <None Include="Python\python314\_sitebuiltins.pyc" />
    <None Include="Python\python314\_strptime.pyc" />
    <None Include="Python\python314\_threading_local.pyc" />
    <None Include="Python\python314\_weakrefset.pyc" />
    <None Include="Python\python314\abc.pyc" />
    <None Include="Python\python314\annotationlib.pyc" />
    <None Include="Python\python314\antigravity.pyc" />
    <None Include="Python\python314\argparse.pyc" />
    <None Include="Python\python314\ast.pyc" />
    <None Include="Python\python314\base64.pyc" />
    <None Include="Python\python314\bdb.pyc" />
    <None Include="Python\python314\bisect.pyc" />
    <None Include="Python\python314\bz2.pyc" />
    <None Include="Python\python314\calendar.pyc" />
    <None Include="Python\python314\cmd.pyc" />
    <None Include="Python\python314\code.pyc" />
    <None Include="Python\python314\codecs.pyc" />
    <None Include="Python\python314\codeop.pyc" />
    <None Include="Python\python314\colorsys.pyc" />
    <None Include="Python\python314\compileall.pyc" />
    <None Include="Python\python314\configparser.pyc" />
    <None Include="Python\python314\contextlib.pyc" />
    <None Include="Python\python314\contextvars.pyc" />
    <None Include="Python\python314\copy.pyc" />
    <None Include="Python\python314\copyreg.pyc" />
    <None Include="Python\python314\cProfile.pyc" />
    <None Include="Python\python314\csv.pyc" />
    <None Include="Python\python314\dataclasses.pyc" />
    <None Include="Python\python314\datetime.pyc" />
    <None Include="Python\python314\decimal.pyc" />
    <None Include="Python\python314\difflib.pyc" />
    <None Include="Python\python314\dis.pyc" />
    <None Include="Python\python314\doctest.pyc" />
    <None Include="Python\python314\enum.pyc" />
    <None Include="Python\python314\filecmp.pyc" />
    <None Include="Python\python314\fileinput.pyc" />
    <None Include="Python\python314\fnmatch.pyc" />
    <None Include="Python\python314\fractions.pyc" />
    <None Include="Python\python314\ftplib.pyc" />
    <None Include="Python\python314\functools.pyc" />
    <None Include="Python\python314\genericpath.pyc" />
    <None Include="Python\python314\getopt.pyc" />
    <None Include="Python\python314\getpass.pyc" />
    <None Include="Python\python314\gettext.pyc" />
    <None Include="Python\python314\glob.pyc" />
    <None Include="Python\python314\graphlib.pyc" />
    <None Include="Python\python314\gzip.pyc" />
    <None Include="Python\python314\hashlib.pyc" />
    <None Include="Python\python314\heapq.pyc" />
    <None Include="Python\python314\hmac.pyc" />
    <None Include="Python\python314\imaplib.pyc" />
    <None Include="Python\python314\inspect.pyc" />
    <None Include="Python\python314\io.pyc" />
    <None Include="Python\python314\ipaddress.pyc" />
    <None Include="Python\python314\keyword.pyc" />
    <None Include="Python\python314\linecache.pyc" />
    <None Include="Python\python314\locale.pyc" />
    <None Include="Python\python314\lzma.pyc" />
    <None Include="Python\python314\mailbox.pyc" />
    <None Include="Python\python314\mimetypes.pyc" />
    <None Include="Python\python314\modulefinder.pyc" />
    <None Include="Python\python314\netrc.pyc" />
    <None Include="Python\python314\ntpath.pyc" />
    <None Include="Python\python314\nturl2path.pyc" />
    <None Include="Python\python314\numbers.pyc" />
    <None Include="Python\python314\opcode.pyc" />
    <None Include="Python\python314\operator.pyc" />
    <None Include="Python\python314\optparse.pyc" />
    <None Include="Python\python314\os.pyc" />
    <None Include="Python\python314\pdb.pyc" />
    <None Include="Python\python314\pickle.pyc" />
    <None Include="Python\python314\pickletools.pyc" />
    <None Include="Python\python314\pkgutil.pyc" />
    <None Include="Python\python314\platform.pyc" />
    <None Include="Python\python314\plistlib.pyc" />
    <None Include="Python\python314\poplib.pyc" />
    <None Include="Python\python314\posixpath.pyc" />
    <None Include="Python\python314\pprint.pyc" />
    <None Include="Python\python314\profile.pyc" />
    <None Include="Python\python314\pstats.pyc" />
    <None Include="Python\python314\pty.pyc" />
    <None Include="Python\python314\py_compile.pyc" />
    <None Include="Python\python314\pyclbr.pyc" />
    <None Include="Python\python314\pydoc.pyc" />
    <None Include="Python\python314\queue.pyc" />
    <None Include="Python\python314\quopri.pyc" />
    <None Include="Python\python314\random.pyc" />
    <None Include="Python\python314\reprlib.pyc" />
    <None Include="Python\python314\rlcompleter.pyc" />
    <None Include="Python\python314\runpy.pyc" />
    <None Include="Python\python314\sched.pyc" />
    <None Include="Python\python314\secrets.pyc" />
    <None Include="Python\python314\selectors.pyc" />
    <None Include="Python\python314\shelve.pyc" />
    <None Include="Python\python314\shlex.pyc" />
    <None Include="Python\python314\shutil.pyc" />
    <None Include="Python\python314\signal.pyc" />
    <None Include="Python\python314\site.pyc" />
    <None Include="Python\python314\smtplib.pyc" />
    <None Include="Python\python314\socket.pyc" />
    <None Include="Python\python314\socketserver.pyc" />
    <None Include="Python\python314\sre_compile.pyc" />
    <None Include="Python\python314\sre_constants.pyc" />
    <None Include="Python\python314\sre_parse.pyc" />
    <None Include="Python\python314\ssl.pyc" />
    <None Include="Python\python314\stat.pyc" />
    <None Include="Python\python314\statistics.pyc" />
    <None Include="Python\python314\stringprep.pyc" />
    <None Include="Python\python314\struct.pyc" />
    <None Include="Python\python314\subprocess.pyc" />
    <None Include="Python\python314\symtable.pyc" />
    <None Include="Python\python314\tabnanny.pyc" />
    <None Include="Python\python314\tarfile.pyc" />
    <None Include="Python\python314\tempfile.pyc" />
    <None Include="Python\python314\textwrap.pyc" />
    <None Include="Python\python314\this.pyc" />
    <None Include="Python\python314\threading.pyc" />
    <None Include="Python\python314\timeit.pyc" />
    <None Include="Python\python314\token.pyc" />
    <None Include="Python\python314\tokenize.pyc" />
    <None Include="Python\python314\trace.pyc" />
    <None Include="Python\python314\traceback.pyc" />
    <None Include="Python\python314\tracemalloc.pyc" />
    <None Include="Python\python314\tty.pyc" />
    <None Include="Python\python314\types.pyc" />
    <None Include="Python\python314\typing.pyc" />
    <None Include="Python\python314\uuid.pyc" />
    <None Include="Python\python314\warnings.pyc" />
    <None Include="Python\python314\wave.pyc" />
    <None Include="Python\python314\weakref.pyc" />
    <None Include="Python\python314\webbrowser.pyc" />
    <None Include="Python\python314\zipapp.pyc" />
    <None Include="Python\python314\zipimport.pyc" />
    <None Include="Python\ai\ai.py" />
    <None Include="Python\CPU_AI\Quoridor_Ai.py" />
    <None Include="Python\CPU_AI\Self_play_collector.py" />
    <None Include="Python\CPU_AI\quoridor_net.py" />
  </ItemGroup>
  <ItemGroup>
    <FxCompile Include="Src\Shader\Model\Quoridor\Desk_VS.hlsl" />
    <FxCompile Include="Src\Shader\Model\Quoridor\Desk_PS.hlsl" />
    <FxCompile Include="Src\Shader\Model\Quoridor\Wall_VS.hlsl" />
    <FxCompile Include="Src\Shader\Model\Quoridor\Wall_PS.hlsl" />
    <FxCompile Include="Src\Shader\Model\Quoridor\Piece_VS.hlsl" />
    <FxCompile Include="Src\Shader\Model\Quoridor\Piece_PS.hlsl" />
    <FxCompile Include="Src\Shader\Model\Quoridor\Grid_VS.hlsl" />
    <FxCompile Include="Src\Shader\Model\Quoridor\Grid_PS.hlsl" />
    <FxCompile Include="Src\Shader\Model\Quoridor\BoardBase_VS.hlsl" />
    <FxCompile Include="Src\Shader\Model\Quoridor\BoardBase_PS.hlsl" />
    <FxCompile Include="Src\Shader\Model\Minishogi\Shogiban_VS.hlsl" />
    <FxCompile Include="Src\Shader\Model\Minishogi\Shogiban_PS.hlsl" />
  </ItemGroup>
  <ItemGroup>
    <Text Include="Python\python-3.14.5-embed-amd64\LICENSE.txt" />
    <Text Include="Python\LICENSE.txt" />
  </ItemGroup>
</Project>